
Microsoft Visual Studio Solution File, Format Version 12.00
# Visual Studio Version 17
VisualStudioVersion = 17.6.33815.320
MinimumVisualStudioVersion = 10.0.40219.1
Project("{FAE04EC0-301F-11D3-BF4B-00C04F79EFBC}") = "ToDoApp1", "ToDoApp1.csproj", "{A47089D9-DC32-4DFF-8E15-A6B23702CD7F}"
EndProject
Global
	GlobalSection(SolutionConfigurationPlatforms) = preSolution
		Debug|Any CPU = Debug|Any CPU
		Release|Any CPU = Release|Any CPU
	EndGlobalSection
	GlobalSection(ProjectConfigurationPlatforms) = postSolution
		{A47089D9-DC32-4DFF-8E15-A6B23702CD7F}.Debug|Any CPU.ActiveCfg = Debug|Any CPU
		{A47089D9-DC32-4DFF-8E15-A6B23702CD7F}.Debug|Any CPU.Build.0 = Debug|Any CPU
		{A47089D9-DC32-4DFF-8E15-A6B23702CD7F}.Release|Any CPU.ActiveCfg = Release|Any CPU
		{A47089D9-DC32-4DFF-8E15-A6B23702CD7F}.Release|Any CPU.Build.0 = Release|Any CPU
	EndGlobalSection
	GlobalSection(SolutionProperties) = preSolution
		HideSolutionNode = FALSE
	EndGlobalSection
	GlobalSection(ExtensibilityGlobals) = postSolution
		SolutionGuid = {40105876-3C59-4A50-9819-4F712314D1DC}
	EndGlobalSection
EndGlobal
